// !$*UTF8*$!
{
	archiveVersion = 1;
	classes = {
	};
	objectVersion = 77;
	objects = {

/* Begin PBXContainerItemProxy section */
		261167592FB5E22E00375194 /* PBXContainerItemProxy */ = {
			isa = PBXContainerItemProxy;
			containerPortal = 261167432FB5E22D00375194 /* Project object */;
			proxyType = 1;
			remoteGlobalIDString = 2611674A2FB5E22D00375194;
			remoteInfo = "smart-iptv-blitz-tvos";
		};
		261167632FB5E22E00375194 /* PBXContainerItemProxy */ = {
			isa = PBXContainerItemProxy;
			containerPortal = 261167432FB5E22D00375194 /* Project object */;
			proxyType = 1;
			remoteGlobalIDString = 2611674A2FB5E22D00375194;
			remoteInfo = "smart-iptv-blitz-tvos";
		};
/* End PBXContainerItemProxy section */

/* Begin PBXFileReference section */
		2611674B2FB5E22D00375194 /* smart-iptv-blitz-tvos.app */ = {isa = PBXFileReference; explicitFileType = wrapper.application; includeInIndex = 0; path = "smart-iptv-blitz-tvos.app"; sourceTree = BUILT_PRODUCTS_DIR; };
		261167582FB5E22E00375194 /* smart-iptv-blitz-tvosTests.xctest */ = {isa = PBXFileReference; explicitFileType = wrapper.cfbundle; includeInIndex = 0; path = "smart-iptv-blitz-tvosTests.xctest"; sourceTree = BUILT_PRODUCTS_DIR; };
		261167622FB5E22E00375194 /* smart-iptv-blitz-tvosUITests.xctest */ = {isa = PBXFileReference; explicitFileType = wrapper.cfbundle; includeInIndex = 0; path = "smart-iptv-blitz-tvosUITests.xctest"; sourceTree = BUILT_PRODUCTS_DIR; };
/* End PBXFileReference section */

/* Begin PBXFileSystemSynchronizedRootGroup section */
		2611674D2FB5E22D00375194 /* smart-iptv-blitz-tvos */ = {
			isa = PBXFileSystemSynchronizedRootGroup;
			path = "smart-iptv-blitz-tvos";
			sourceTree = "<group>";
		};
		2611675B2FB5E22E00375194 /* smart-iptv-blitz-tvosTests */ = {
			isa = PBXFileSystemSynchronizedRootGroup;
			path = "smart-iptv-blitz-tvosTests";
			sourceTree = "<group>";
		};
		261167652FB5E22E00375194 /* smart-iptv-blitz-tvosUITests */ = {
			isa = PBXFileSystemSynchronizedRootGroup;
			path = "smart-iptv-blitz-tvosUITests";
			sourceTree = "<group>";
		};
/* End PBXFileSystemSynchronizedRootGroup section */

/* Begin PBXFrameworksBuildPhase section */
		261167482FB5E22D00375194 /* Frameworks */ = {
			isa = PBXFrameworksBuildPhase;
			buildActionMask = 2147483647;
			files = (
			);
			runOnlyForDeploymentPostprocessing = 0;
		};
		261167552FB5E22E00375194 /* Frameworks */ = {
			isa = PBXFrameworksBuildPhase;
			buildActionMask = 2147483647;
			files = (
			);
			runOnlyForDeploymentPostprocessing = 0;
		};
		2611675F2FB5E22E00375194 /* Frameworks */ = {
			isa = PBXFrameworksBuildPhase;
			buildActionMask = 2147483647;
			files = (
			);
			runOnlyForDeploymentPostprocessing = 0;
		};
/* End PBXFrameworksBuildPhase section */

/* Begin PBXGroup section */
		261167422FB5E22D00375194 = {
			isa = PBXGroup;
			children = (
				2611674D2FB5E22D00375194 /* smart-iptv-blitz-tvos */,
				2611675B2FB5E22E00375194 /* smart-iptv-blitz-tvosTests */,
				261167652FB5E22E00375194 /* smart-iptv-blitz-tvosUITests */,
				2611674C2FB5E22D00375194 /* Products */,
			);
			sourceTree = "<group>";
		};
		2611674C2FB5E22D00375194 /* Products */ = {
			isa = PBXGroup;
			children = (
				2611674B2FB5E22D00375194 /* smart-iptv-blitz-tvos.app */,
				261167582FB5E22E00375194 /* smart-iptv-blitz-tvosTests.xctest */,
				261167622FB5E22E00375194 /* smart-iptv-blitz-tvosUITests.xctest */,
			);
			name = Products;
			sourceTree = "<group>";
		};
/* End PBXGroup section */

/* Begin PBXNativeTarget section */
		2611674A2FB5E22D00375194 /* smart-iptv-blitz-tvos */ = {
			isa = PBXNativeTarget;
			buildConfigurationList = 2611676C2FB5E22E00375194 /* Build configuration list for PBXNativeTarget "smart-iptv-blitz-tvos" */;
			buildPhases = (
				261167472FB5E22D00375194 /* Sources */,
				261167482FB5E22D00375194 /* Frameworks */,
				261167492FB5E22D00375194 /* Resources */,
			);
			buildRules = (
			);
			dependencies = (
			);
			fileSystemSynchronizedGroups = (
				2611674D2FB5E22D00375194 /* smart-iptv-blitz-tvos */,
			);
			name = "smart-iptv-blitz-tvos";
			packageProductDependencies = (
			);
			productName = "smart-iptv-blitz-tvos";
			productReference = 2611674B2FB5E22D00375194 /* smart-iptv-blitz-tvos.app */;
			productType = "com.apple.product-type.application";
		};
		261167572FB5E22E00375194 /* smart-iptv-blitz-tvosTests */ = {
			isa = PBXNativeTarget;
			buildConfigurationList = 2611676F2FB5E22E00375194 /* Build configuration list for PBXNativeTarget "smart-iptv-blitz-tvosTests" */;
			buildPhases = (
				261167542FB5E22E00375194 /* Sources */,
				261167552FB5E22E00375194 /* Frameworks */,
				261167562FB5E22E00375194 /* Resources */,
			);
			buildRules = (
			);
			dependencies = (
				2611675A2FB5E22E00375194 /* PBXTargetDependency */,
			);
			fileSystemSynchronizedGroups = (
				2611675B2FB5E22E00375194 /* smart-iptv-blitz-tvosTests */,
			);
			name = "smart-iptv-blitz-tvosTests";
			packageProductDependencies = (
			);
			productName = "smart-iptv-blitz-tvosTests";
			productReference = 261167582FB5E22E00375194 /* smart-iptv-blitz-tvosTests.xctest */;
			productType = "com.apple.product-type.bundle.unit-test";
		};
		261167612FB5E22E00375194 /* smart-iptv-blitz-tvosUITests */ = {
			isa = PBXNativeTarget;
			buildConfigurationList = 261167722FB5E22E00375194 /* Build configuration list for PBXNativeTarget "smart-iptv-blitz-tvosUITests" */;
			buildPhases = (
				2611675E2FB5E22E00375194 /* Sources */,
				2611675F2FB5E22E00375194 /* Frameworks */,
				261167602FB5E22E00375194 /* Resources */,
			);
			buildRules = (
			);
			dependencies = (
				261167642FB5E22E00375194 /* PBXTargetDependency */,
			);
			fileSystemSynchronizedGroups = (
				261167652FB5E22E00375194 /* smart-iptv-blitz-tvosUITests */,
			);
			name = "smart-iptv-blitz-tvosUITests";
			packageProductDependencies = (
			);
			productName = "smart-iptv-blitz-tvosUITests";
			productReference = 261167622FB5E22E00375194 /* smart-iptv-blitz-tvosUITests.xctest */;
			productType = "com.apple.product-type.bundle.ui-testing";
		};
/* End PBXNativeTarget section */

/* Begin PBXProject section */
		261167432FB5E22D00375194 /* Project object */ = {
			isa = PBXProject;
			attributes = {
				BuildIndependentTargetsInParallel = 1;
				LastSwiftUpdateCheck = 2600;
				LastUpgradeCheck = 2600;
				TargetAttributes = {
					2611674A2FB5E22D00375194 = {
						CreatedOnToolsVersion = 26.0.1;
					};
					261167572FB5E22E00375194 = {
						CreatedOnToolsVersion = 26.0.1;
						TestTargetID = 2611674A2FB5E22D00375194;
					};
					261167612FB5E22E00375194 = {
						CreatedOnToolsVersion = 26.0.1;
						TestTargetID = 2611674A2FB5E22D00375194;
					};
				};
			};
			buildConfigurationList = 261167462FB5E22D00375194 /* Build configuration list for PBXProject "smart-iptv-blitz-tvos" */;
			developmentRegion = en;
			hasScannedForEncodings = 0;
			knownRegions = (
				en,
				Base,
			);
			mainGroup = 261167422FB5E22D00375194;
			minimizedProjectReferenceProxies = 1;
			preferredProjectObjectVersion = 77;
			productRefGroup = 2611674C2FB5E22D00375194 /* Products */;
			projectDirPath = "";
			projectRoot = "";
			targets = (
				2611674A2FB5E22D00375194 /* smart-iptv-blitz-tvos */,
				261167572FB5E22E00375194 /* smart-iptv-blitz-tvosTests */,
				261167612FB5E22E00375194 /* smart-iptv-blitz-tvosUITests */,
			);
		};
/* End PBXProject section */

/* Begin PBXResourcesBuildPhase section */
		261167492FB5E22D00375194 /* Resources */ = {
			isa = PBXResourcesBuildPhase;
			buildActionMask = 2147483647;
			files = (
			);
			runOnlyForDeploymentPostprocessing = 0;
		};
		261167562FB5E22E00375194 /* Resources */ = {
			isa = PBXResourcesBuildPhase;
			buildActionMask = 2147483647;
			files = (
			);
			runOnlyForDeploymentPostprocessing = 0;
		};
		261167602FB5E22E00375194 /* Resources */ = {
			isa = PBXResourcesBuildPhase;
			buildActionMask = 2147483647;
			files = (
			);
			runOnlyForDeploymentPostprocessing = 0;
		};
/* End PBXResourcesBuildPhase section */

/* Begin PBXSourcesBuildPhase section */
		261167472FB5E22D00375194 /* Sources */ = {
			isa = PBXSourcesBuildPhase;
			buildActionMask = 2147483647;
			files = (
			);
			runOnlyForDeploymentPostprocessing = 0;
		};
		261167542FB5E22E00375194 /* Sources */ = {
			isa = PBXSourcesBuildPhase;
			buildActionMask = 2147483647;
			files = (
			);
			runOnlyForDeploymentPostprocessing = 0;
		};
		2611675E2FB5E22E00375194 /* Sources */ = {
			isa = PBXSourcesBuildPhase;
			buildActionMask = 2147483647;
			files = (
			);
			runOnlyForDeploymentPostprocessing = 0;
		};
/* End PBXSourcesBuildPhase section */

/* Begin PBXTargetDependency section */
		2611675A2FB5E22E00375194 /* PBXTargetDependency */ = {
			isa = PBXTargetDependency;
			target = 2611674A2FB5E22D00375194 /* smart-iptv-blitz-tvos */;
			targetProxy = 261167592FB5E22E00375194 /* PBXContainerItemProxy */;
		};
		261167642FB5E22E00375194 /* PBXTargetDependency */ = {
			isa = PBXTargetDependency;
			target = 2611674A2FB5E22D00375194 /* smart-iptv-blitz-tvos */;
			targetProxy = 261167632FB5E22E00375194 /* PBXContainerItemProxy */;
		};
/* End PBXTargetDependency section */

/* Begin XCBuildConfiguration section */
		2611676A2FB5E22E00375194 /* Debug */ = {
			isa = XCBuildConfiguration;
			buildSettings = {
				ALWAYS_SEARCH_USER_PATHS = NO;
				ASSETCATALOG_COMPILER_GENERATE_SWIFT_ASSET_SYMBOL_EXTENSIONS = YES;
				CLANG_ANALYZER_NONNULL = YES;
				CLANG_ANALYZER_NUMBER_OBJECT_CONVERSION = YES_AGGRESSIVE;
				CLANG_CXX_LANGUAGE_STANDARD = "gnu++20";
				CLANG_ENABLE_MODULES = YES;
				CLANG_ENABLE_OBJC_ARC = YES;
				CLANG_ENABLE_OBJC_WEAK = YES;
				CLANG_WARN_BLOCK_CAPTURE_AUTORELEASING = YES;
				CLANG_WARN_BOOL_CONVERSION = YES;
				CLANG_WARN_COMMA = YES;
				CLANG_WARN_CONSTANT_CONVERSION = YES;
				CLANG_WARN_DEPRECATED_OBJC_IMPLEMENTATIONS = YES;
				CLANG_WARN_DIRECT_OBJC_ISA_USAGE = YES_ERROR;
				CLANG_WARN_DOCUMENTATION_COMMENTS = YES;
				CLANG_WARN_EMPTY_BODY = YES;
				CLANG_WARN_ENUM_CONVERSION = YES;
				CLANG_WARN_INFINITE_RECURSION = YES;
				CLANG_WARN_INT_CONVERSION = YES;
				CLANG_WARN_NON_LITERAL_NULL_CONVERSION = YES;
				CLANG_WARN_OBJC_IMPLICIT_RETAIN_SELF = YES;
				CLANG_WARN_OBJC_LITERAL_CONVERSION = YES;
				CLANG_WARN_OBJC_ROOT_CLASS = YES_ERROR;
				CLANG_WARN_QUOTED_INCLUDE_IN_FRAMEWORK_HEADER = YES;
				CLANG_WARN_RANGE_LOOP_ANALYSIS = YES;
				CLANG_WARN_STRICT_PROTOTYPES = YES;
				CLANG_WARN_SUSPICIOUS_MOVE = YES;
				CLANG_WARN_UNGUARDED_AVAILABILITY = YES_AGGRESSIVE;
				CLANG_WARN_UNREACHABLE_CODE = YES;
				CLANG_WARN__DUPLICATE_METHOD_MATCH = YES;
				COPY_PHASE_STRIP = NO;
				DEBUG_INFORMATION_FORMAT = dwarf;
				DEVELOPMENT_TEAM = ZRMCP4TZMW;
				ENABLE_STRICT_OBJC_MSGSEND = YES;
				ENABLE_TESTABILITY = YES;
				ENABLE_USER_SCRIPT_SANDBOXING = YES;
				GCC_C_LANGUAGE_STANDARD = gnu17;
				GCC_DYNAMIC_NO_PIC = NO;
				GCC_NO_COMMON_BLOCKS = YES;
				GCC_OPTIMIZATION_LEVEL = 0;
				GCC_PREPROCESSOR_DEFINITIONS = (
					"DEBUG=1",
					"$(inherited)",
				);
				GCC_WARN_64_TO_32_BIT_CONVERSION = YES;
				GCC_WARN_ABOUT_RETURN_TYPE = YES_ERROR;
				GCC_WARN_UNDECLARED_SELECTOR = YES;
				GCC_WARN_UNINITIALIZED_AUTOS = YES_AGGRESSIVE;
				GCC_WARN_UNUSED_FUNCTION = YES;
				GCC_WARN_UNUSED_VARIABLE = YES;
				LOCALIZATION_PREFERS_STRING_CATALOGS = YES;
				MTL_ENABLE_DEBUG_INFO = INCLUDE_SOURCE;
				MTL_FAST_MATH = YES;
				ONLY_ACTIVE_ARCH = YES;
				SDKROOT = appletvos;
				SWIFT_ACTIVE_COMPILATION_CONDITIONS = "DEBUG $(inherited)";
				SWIFT_OPTIMIZATION_LEVEL = "-Onone";
				TVOS_DEPLOYMENT_TARGET = 26.0;
			};
			name = Debug;
		};
		2611676B2FB5E22E00375194 /* Release */ = {
			isa = XCBuildConfiguration;
			buildSettings = {
				ALWAYS_SEARCH_USER_PATHS = NO;
				ASSETCATALOG_COMPILER_GENERATE_SWIFT_ASSET_SYMBOL_EXTENSIONS = YES;
				CLANG_ANALYZER_NONNULL = YES;
				CLANG_ANALYZER_NUMBER_OBJECT_CONVERSION = YES_AGGRESSIVE;
				CLANG_CXX_LANGUAGE_STANDARD = "gnu++20";
				CLANG_ENABLE_MODULES = YES;
				CLANG_ENABLE_OBJC_ARC = YES;
				CLANG_ENABLE_OBJC_WEAK = YES;
				CLANG_WARN_BLOCK_CAPTURE_AUTORELEASING = YES;
				CLANG_WARN_BOOL_CONVERSION = YES;
				CLANG_WARN_COMMA = YES;
				CLANG_WARN_CONSTANT_CONVERSION = YES;
				CLANG_WARN_DEPRECATED_OBJC_IMPLEMENTATIONS = YES;
				CLANG_WARN_DIRECT_OBJC_ISA_USAGE = YES_ERROR;
				CLANG_WARN_DOCUMENTATION_COMMENTS = YES;
				CLANG_WARN_EMPTY_BODY = YES;
				CLANG_WARN_ENUM_CONVERSION = YES;
				CLANG_WARN_INFINITE_RECURSION = YES;
				CLANG_WARN_INT_CONVERSION = YES;
				CLANG_WARN_NON_LITERAL_NULL_CONVERSION = YES;
				CLANG_WARN_OBJC_IMPLICIT_RETAIN_SELF = YES;
				CLANG_WARN_OBJC_LITERAL_CONVERSION = YES;
				CLANG_WARN_OBJC_ROOT_CLASS = YES_ERROR;
				CLANG_WARN_QUOTED_INCLUDE_IN_FRAMEWORK_HEADER = YES;
				CLANG_WARN_RANGE_LOOP_ANALYSIS = YES;
				CLANG_WARN_STRICT_PROTOTYPES = YES;
				CLANG_WARN_SUSPICIOUS_MOVE = YES;
				CLANG_WARN_UNGUARDED_AVAILABILITY = YES_AGGRESSIVE;
				CLANG_WARN_UNREACHABLE_CODE = YES;
				CLANG_WARN__DUPLICATE_METHOD_MATCH = YES;
				COPY_PHASE_STRIP = NO;
				DEBUG_INFORMATION_FORMAT = "dwarf-with-dsym";
				DEVELOPMENT_TEAM = ZRMCP4TZMW;
				ENABLE_NS_ASSERTIONS = NO;
				ENABLE_STRICT_OBJC_MSGSEND = YES;
				ENABLE_USER_SCRIPT_SANDBOXING = YES;
				GCC_C_LANGUAGE_STANDARD = gnu17;
				GCC_NO_COMMON_BLOCKS = YES;
				GCC_WARN_64_TO_32_BIT_CONVERSION = YES;
				GCC_WARN_ABOUT_RETURN_TYPE = YES_ERROR;
				GCC_WARN_UNDECLARED_SELECTOR = YES;
				GCC_WARN_UNINITIALIZED_AUTOS = YES_AGGRESSIVE;
				GCC_WARN_UNUSED_FUNCTION = YES;
				GCC_WARN_UNUSED_VARIABLE = YES;
				LOCALIZATION_PREFERS_STRING_CATALOGS = YES;
				MTL_ENABLE_DEBUG_INFO = NO;
				MTL_FAST_MATH = YES;
				SDKROOT = appletvos;
				SWIFT_COMPILATION_MODE = wholemodule;
				TVOS_DEPLOYMENT_TARGET = 26.0;
				VALIDATE_PRODUCT = YES;
			};
			name = Release;
		};
		2611676D2FB5E22E00375194 /* Debug */ = {
			isa = XCBuildConfiguration;
			buildSettings = {
				ASSETCATALOG_COMPILER_APPICON_NAME = "App Icon & Top Shelf Image";
				ASSETCATALOG_COMPILER_GLOBAL_ACCENT_COLOR_NAME = AccentColor;
				CODE_SIGN_STYLE = Automatic;
				CURRENT_PROJECT_VERSION = 1;
				DEVELOPMENT_TEAM = ZRMCP4TZMW;
				ENABLE_PREVIEWS = YES;
				GENERATE_INFOPLIST_FILE = YES;
				HMAC_SECRET = "";
				INFOPLIST_KEY_HMAC_SECRET = "$(HMAC_SECRET)";
				INFOPLIST_KEY_UILaunchScreen_Generation = YES;
				INFOPLIST_KEY_UIUserInterfaceStyle = Automatic;
				LD_RUNPATH_SEARCH_PATHS = (
					"$(inherited)",
					"@executable_path/Frameworks",
				);
				MARKETING_VERSION = 1.0;
				PRODUCT_BUNDLE_IDENTIFIER = "com.-IPTV.smart-iptv-blitz-tvos";
				PRODUCT_NAME = "$(TARGET_NAME)";
				STRING_CATALOG_GENERATE_SYMBOLS = YES;
				SWIFT_APPROACHABLE_CONCURRENCY = YES;
				SWIFT_DEFAULT_ACTOR_ISOLATION = MainActor;
				SWIFT_EMIT_LOC_STRINGS = YES;
				SWIFT_UPCOMING_FEATURE_MEMBER_IMPORT_VISIBILITY = YES;
				SWIFT_VERSION = 5.0;
				TARGETED_DEVICE_FAMILY = 3;
			};
			name = Debug;
		};
		2611676E2FB5E22E00375194 /* Release */ = {
			isa = XCBuildConfiguration;
			buildSettings = {
				ASSETCATALOG_COMPILER_APPICON_NAME = "App Icon & Top Shelf Image";
				ASSETCATALOG_COMPILER_GLOBAL_ACCENT_COLOR_NAME = AccentColor;
				CODE_SIGN_STYLE = Automatic;
				CURRENT_PROJECT_VERSION = 1;
				DEVELOPMENT_TEAM = ZRMCP4TZMW;
				ENABLE_PREVIEWS = YES;
				GENERATE_INFOPLIST_FILE = YES;
				HMAC_SECRET = "";
				INFOPLIST_KEY_HMAC_SECRET = "$(HMAC_SECRET)";
				INFOPLIST_KEY_UILaunchScreen_Generation = YES;
				INFOPLIST_KEY_UIUserInterfaceStyle = Automatic;
				LD_RUNPATH_SEARCH_PATHS = (
					"$(inherited)",
					"@executable_path/Frameworks",
				);
				MARKETING_VERSION = 1.0;
				PRODUCT_BUNDLE_IDENTIFIER = "com.-IPTV.smart-iptv-blitz-tvos";
				PRODUCT_NAME = "$(TARGET_NAME)";
				STRING_CATALOG_GENERATE_SYMBOLS = YES;
				SWIFT_APPROACHABLE_CONCURRENCY = YES;
				SWIFT_DEFAULT_ACTOR_ISOLATION = MainActor;
				SWIFT_EMIT_LOC_STRINGS = YES;
				SWIFT_UPCOMING_FEATURE_MEMBER_IMPORT_VISIBILITY = YES;
				SWIFT_VERSION = 5.0;
				TARGETED_DEVICE_FAMILY = 3;
			};
			name = Release;
		};
		261167702FB5E22E00375194 /* Debug */ = {
			isa = XCBuildConfiguration;
			buildSettings = {
				BUNDLE_LOADER = "$(TEST_HOST)";
				CODE_SIGN_STYLE = Automatic;
				CURRENT_PROJECT_VERSION = 1;
				DEVELOPMENT_TEAM = ZRMCP4TZMW;
				GENERATE_INFOPLIST_FILE = YES;
				MARKETING_VERSION = 1.0;
				PRODUCT_BUNDLE_IDENTIFIER = "com.-IPTV.smart-iptv-blitz-tvosTests";
				PRODUCT_NAME = "$(TARGET_NAME)";
				STRING_CATALOG_GENERATE_SYMBOLS = NO;
				SWIFT_APPROACHABLE_CONCURRENCY = YES;
				SWIFT_EMIT_LOC_STRINGS = NO;
				SWIFT_UPCOMING_FEATURE_MEMBER_IMPORT_VISIBILITY = YES;
				SWIFT_VERSION = 5.0;
				TARGETED_DEVICE_FAMILY = 3;
				TEST_HOST = "$(BUILT_PRODUCTS_DIR)/smart-iptv-blitz-tvos.app/$(BUNDLE_EXECUTABLE_FOLDER_PATH)/smart-iptv-blitz-tvos";
				TVOS_DEPLOYMENT_TARGET = 26.0;
			};
			name = Debug;
		};
		261167712FB5E22E00375194 /* Release */ = {
			isa = XCBuildConfiguration;
			buildSettings = {
				BUNDLE_LOADER = "$(TEST_HOST)";
				CODE_SIGN_STYLE = Automatic;
				CURRENT_PROJECT_VERSION = 1;
				DEVELOPMENT_TEAM = ZRMCP4TZMW;
				GENERATE_INFOPLIST_FILE = YES;
				MARKETING_VERSION = 1.0;
				PRODUCT_BUNDLE_IDENTIFIER = "com.-IPTV.smart-iptv-blitz-tvosTests";
				PRODUCT_NAME = "$(TARGET_NAME)";
				STRING_CATALOG_GENERATE_SYMBOLS = NO;
				SWIFT_APPROACHABLE_CONCURRENCY = YES;
				SWIFT_EMIT_LOC_STRINGS = NO;
				SWIFT_UPCOMING_FEATURE_MEMBER_IMPORT_VISIBILITY = YES;
				SWIFT_VERSION = 5.0;
				TARGETED_DEVICE_FAMILY = 3;
				TEST_HOST = "$(BUILT_PRODUCTS_DIR)/smart-iptv-blitz-tvos.app/$(BUNDLE_EXECUTABLE_FOLDER_PATH)/smart-iptv-blitz-tvos";
				TVOS_DEPLOYMENT_TARGET = 26.0;
			};
			name = Release;
		};
		261167732FB5E22E00375194 /* Debug */ = {
			isa = XCBuildConfiguration;
			buildSettings = {
				CODE_SIGN_STYLE = Automatic;
				CURRENT_PROJECT_VERSION = 1;
				DEVELOPMENT_TEAM = ZRMCP4TZMW;
				GENERATE_INFOPLIST_FILE = YES;
				MARKETING_VERSION = 1.0;
				PRODUCT_BUNDLE_IDENTIFIER = "com.-IPTV.smart-iptv-blitz-tvosUITests";
				PRODUCT_NAME = "$(TARGET_NAME)";
				STRING_CATALOG_GENERATE_SYMBOLS = NO;
				SWIFT_APPROACHABLE_CONCURRENCY = YES;
				SWIFT_EMIT_LOC_STRINGS = NO;
				SWIFT_UPCOMING_FEATURE_MEMBER_IMPORT_VISIBILITY = YES;
				SWIFT_VERSION = 5.0;
				TARGETED_DEVICE_FAMILY = 3;
				TEST_TARGET_NAME = "smart-iptv-blitz-tvos";
			};
			name = Debug;
		};
		261167742FB5E22E00375194 /* Release */ = {
			isa = XCBuildConfiguration;
			buildSettings = {
				CODE_SIGN_STYLE = Automatic;
				CURRENT_PROJECT_VERSION = 1;
				DEVELOPMENT_TEAM = ZRMCP4TZMW;
				GENERATE_INFOPLIST_FILE = YES;
				MARKETING_VERSION = 1.0;
				PRODUCT_BUNDLE_IDENTIFIER = "com.-IPTV.smart-iptv-blitz-tvosUITests";
				PRODUCT_NAME = "$(TARGET_NAME)";
				STRING_CATALOG_GENERATE_SYMBOLS = NO;
				SWIFT_APPROACHABLE_CONCURRENCY = YES;
				SWIFT_EMIT_LOC_STRINGS = NO;
				SWIFT_UPCOMING_FEATURE_MEMBER_IMPORT_VISIBILITY = YES;
				SWIFT_VERSION = 5.0;
				TARGETED_DEVICE_FAMILY = 3;
				TEST_TARGET_NAME = "smart-iptv-blitz-tvos";
			};
			name = Release;
		};
/* End XCBuildConfiguration section */

/* Begin XCConfigurationList section */
		261167462FB5E22D00375194 /* Build configuration list for PBXProject "smart-iptv-blitz-tvos" */ = {
			isa = XCConfigurationList;
			buildConfigurations = (
				2611676A2FB5E22E00375194 /* Debug */,
				2611676B2FB5E22E00375194 /* Release */,
			);
			defaultConfigurationIsVisible = 0;
			defaultConfigurationName = Release;
		};
		2611676C2FB5E22E00375194 /* Build configuration list for PBXNativeTarget "smart-iptv-blitz-tvos" */ = {
			isa = XCConfigurationList;
			buildConfigurations = (
				2611676D2FB5E22E00375194 /* Debug */,
				2611676E2FB5E22E00375194 /* Release */,
			);
			defaultConfigurationIsVisible = 0;
			defaultConfigurationName = Release;
		};
		2611676F2FB5E22E00375194 /* Build configuration list for PBXNativeTarget "smart-iptv-blitz-tvosTests" */ = {
			isa = XCConfigurationList;
			buildConfigurations = (
				261167702FB5E22E00375194 /* Debug */,
				261167712FB5E22E00375194 /* Release */,
			);
			defaultConfigurationIsVisible = 0;
			defaultConfigurationName = Release;
		};
		261167722FB5E22E00375194 /* Build configuration list for PBXNativeTarget "smart-iptv-blitz-tvosUITests" */ = {
			isa = XCConfigurationList;
			buildConfigurations = (
				261167732FB5E22E00375194 /* Debug */,
				261167742FB5E22E00375194 /* Release */,
			);
			defaultConfigurationIsVisible = 0;
			defaultConfigurationName = Release;
		};
/* End XCConfigurationList section */
	};
	rootObject = 261167432FB5E22D00375194 /* Project object */;
}
